golang.org/x/sys v0.0.0-20190516014833-cab07311ab81 h1:5Q88vZAfC0WB8T1GHRLttQaZdCNeQHM40n41gMUeFlI=
golang.org/x/sys v0.0.0-20190516014833-cab07311ab81/go.mod h1:h1NjWce9XRLGQEsW7wpKNCjG9DtNlClVuFLEZdDNbEs=
golang.org/x/sys v0.15.0 h1:h48lPFYpsTvQJZF4EKyI4aLHaev3CxivZmv7yZig9pc=
golang.org/x/sys v0.15.0/go.mod h1:/VUhepiaJMQUp4+oa/7Zr1D23ma6VTLIYjOOTFZPUcA=
